
Microsoft Visual Studio Solution File, Format Version 12.00
# Visual Studio 15
VisualStudioVersion = 15.0.28307.489
MinimumVisualStudioVersion = 10.0.40219.1
Project("{FAE04EC0-301F-11D3-BF4B-00C04F79EFBC}") = "剑指Offer练习", "剑指Offer练习.csproj", "{AF3E9E94-8990-4A09-B72E-8069F883DB10}"
EndProject
Project("{FAE04EC0-301F-11D3-BF4B-00C04F79EFBC}") = "TestInConsoleApp", "..\TestInConsoleApp\TestInConsoleApp.csproj", "{8CA3E995-66C6-4277-A6C7-B5DC2DBAD6DB}"
EndProject
Global
	GlobalSection(SolutionConfigurationPlatforms) = preSolution
		Debug|Any CPU = Debug|Any CPU
		Release|Any CPU = Release|Any CPU
	EndGlobalSection
	GlobalSection(ProjectConfigurationPlatforms) = postSolution
		{AF3E9E94-8990-4A09-B72E-8069F883DB10}.Debug|Any CPU.ActiveCfg = Debug|Any CPU
		{AF3E9E94-8990-4A09-B72E-8069F883DB10}.Debug|Any CPU.Build.0 = Debug|Any CPU
		{AF3E9E94-8990-4A09-B72E-8069F883DB10}.Release|Any CPU.ActiveCfg = Release|Any CPU
		{AF3E9E94-8990-4A09-B72E-8069F883DB10}.Release|Any CPU.Build.0 = Release|Any CPU
		{8CA3E995-66C6-4277-A6C7-B5DC2DBAD6DB}.Debug|Any CPU.ActiveCfg = Debug|Any CPU
		{8CA3E995-66C6-4277-A6C7-B5DC2DBAD6DB}.Debug|Any CPU.Build.0 = Debug|Any CPU
		{8CA3E995-66C6-4277-A6C7-B5DC2DBAD6DB}.Release|Any CPU.ActiveCfg = Release|Any CPU
		{8CA3E995-66C6-4277-A6C7-B5DC2DBAD6DB}.Release|Any CPU.Build.0 = Release|Any CPU
	EndGlobalSection
	GlobalSection(SolutionProperties) = preSolution
		HideSolutionNode = FALSE
	EndGlobalSection
	GlobalSection(ExtensibilityGlobals) = postSolution
		SolutionGuid = {AA1ABDD9-89FC-422D-98D7-BBF3AF6FA8EA}
	EndGlobalSection
EndGlobal
